#MicroXplorer Configuration settings - do not modify
#Sun Jul 27 18:15:35 CEST 2014
ADC1.Channel-7\#ChannelRegularConversion=ADC_CHANNEL_9
ADC1.Channel-8\#ChannelRegularConversion=ADC_CHANNEL_8
ADC1.ClockPrescaler=ADC_CLOCKPRESCALER_PCLK_DIV8
ADC1.ContinuousConvMode=ENABLE
ADC1.DMAContinuousRequests=ENABLE
ADC1.EOCSelection=EOC_SEQ_CONV
ADC1.IPParameters=Rank-8\#ChannelRegularConversion,NbrOfConversionFlag,EOCSelection,ClockPrescaler,SamplingTime-7\#ChannelRegularConversion,NbrOfConversion,master,ContinuousConvMode,ScanConvMode,Channel-8\#ChannelRegularConversion,SamplingTime-8\#ChannelRegularConversion,Channel-7\#ChannelRegularConversion,DMAContinuousRequests
ADC1.NbrOfConversion=2
ADC1.NbrOfConversionFlag=1
ADC1.Rank-8\#ChannelRegularConversion=2
ADC1.SamplingTime-7\#ChannelRegularConversion=ADC_SAMPLETIME_56CYCLES
ADC1.SamplingTime-8\#ChannelRegularConversion=ADC_SAMPLETIME_56CYCLES
ADC1.ScanConvMode=ENABLE
ADC1.master=1
Dma.ADC1.2.Channel=DMA_CHANNEL_0
Dma.ADC1.2.Direction=DMA_PERIPH_TO_MEMORY
Dma.ADC1.2.FIFOMode=DMA_FIFOMODE_DISABLE
Dma.ADC1.2.Instance=DMA2_Stream0
Dma.ADC1.2.MemDataAlignment=DMA_MDATAALIGN_WORD
Dma.ADC1.2.MemInc=DMA_MINC_ENABLE
Dma.ADC1.2.Mode=DMA_CIRCULAR
Dma.ADC1.2.PeriphDataAlignment=DMA_PDATAALIGN_WORD
Dma.ADC1.2.PeriphInc=DMA_PINC_DISABLE
Dma.ADC1.2.Priority=DMA_PRIORITY_HIGH
Dma.ADC1.2.RequestParameters=Instance,Channel,Direction,PeriphInc,MemInc,PeriphDataAlignment,MemDataAlignment,Mode,Priority,FIFOMode
Dma.Request0=USART3_TX
Dma.Request1=USART3_RX
Dma.Request2=ADC1
Dma.RequestsNb=3
Dma.USART3_RX.1.Channel=DMA_CHANNEL_4
Dma.USART3_RX.1.Direction=DMA_PERIPH_TO_MEMORY
Dma.USART3_RX.1.FIFOMode=DMA_FIFOMODE_DISABLE
Dma.USART3_RX.1.Instance=DMA1_Stream1
Dma.USART3_RX.1.MemDataAlignment=DMA_MDATAALIGN_BYTE
Dma.USART3_RX.1.MemInc=DMA_MINC_ENABLE
Dma.USART3_RX.1.Mode=DMA_CIRCULAR
Dma.USART3_RX.1.PeriphDataAlignment=DMA_PDATAALIGN_BYTE
Dma.USART3_RX.1.PeriphInc=DMA_PINC_DISABLE
Dma.USART3_RX.1.Priority=DMA_PRIORITY_HIGH
Dma.USART3_RX.1.RequestParameters=Instance,Channel,Direction,PeriphInc,MemInc,PeriphDataAlignment,MemDataAlignment,Mode,Priority,FIFOMode
Dma.USART3_TX.0.Channel=DMA_CHANNEL_4
Dma.USART3_TX.0.Direction=DMA_MEMORY_TO_PERIPH
Dma.USART3_TX.0.FIFOMode=DMA_FIFOMODE_ENABLE
Dma.USART3_TX.0.FIFOThreshold=DMA_FIFO_THRESHOLD_1QUARTERFULL
Dma.USART3_TX.0.Instance=DMA1_Stream3
Dma.USART3_TX.0.MemBurst=DMA_MBURST_SINGLE
Dma.USART3_TX.0.MemDataAlignment=DMA_MDATAALIGN_BYTE
Dma.USART3_TX.0.MemInc=DMA_MINC_ENABLE
Dma.USART3_TX.0.Mode=DMA_NORMAL
Dma.USART3_TX.0.PeriphBurst=DMA_PBURST_SINGLE
Dma.USART3_TX.0.PeriphDataAlignment=DMA_PDATAALIGN_BYTE
Dma.USART3_TX.0.PeriphInc=DMA_PINC_DISABLE
Dma.USART3_TX.0.Priority=DMA_PRIORITY_LOW
Dma.USART3_TX.0.RequestParameters=Instance,Channel,Direction,PeriphInc,MemInc,PeriphDataAlignment,MemDataAlignment,Mode,Priority,FIFOMode,FIFOThreshold,MemBurst,PeriphBurst
FREERTOS.INCLUDE_vTaskDelayUntil=1
FREERTOS.INCLUDE_vTaskDelete=0
FREERTOS.INCLUDE_vTaskPrioritySet=0
FREERTOS.IPParameters=INCLUDE_vTaskDelayUntil,INCLUDE_vTaskDelete,INCLUDE_vTaskPrioritySet
File.Version=4
KeepUserPlacement=true
Mcu.Family=STM32F4
Mcu.IP0=ADC1
Mcu.IP1=DMA
Mcu.IP2=FREERTOS
Mcu.IP3=NVIC
Mcu.IP4=RCC
Mcu.IP5=TIM1
Mcu.IP6=TIM2
Mcu.IP7=TIM4
Mcu.IP8=TIM6
Mcu.IP9=USART3
Mcu.IPNb=10
Mcu.Name=STM32F407V(E-G)Tx
Mcu.Package=LQFP100
Mcu.Pin0=PH0-OSC_IN
Mcu.Pin1=PH1-OSC_OUT
Mcu.Pin10=PD8
Mcu.Pin11=PD9
Mcu.Pin12=PD12
Mcu.Pin13=PD13
Mcu.Pin14=PD14
Mcu.Pin15=PD15
Mcu.Pin16=PA15
Mcu.Pin17=PB7
Mcu.Pin18=PB8
Mcu.Pin19=VP_FREERTOS_VS_ENABLE
Mcu.Pin2=PA0-WKUP
Mcu.Pin20=VP_TIM4_VS_ControllerModeReset
Mcu.Pin21=VP_TIM6_VS_ClockSourceINT
Mcu.Pin3=PA1
Mcu.Pin4=PB0
Mcu.Pin5=PB1
Mcu.Pin6=PE7
Mcu.Pin7=PE8
Mcu.Pin8=PE9
Mcu.Pin9=PE10
Mcu.PinsNb=22
Mcu.UserName=STM32F407VGTx
NVIC.DMA1_Stream1_IRQn=true\:0\:0
NVIC.DMA1_Stream3_IRQn=true\:0\:0
NVIC.EXTI0_IRQn=true\:0\:0
NVIC.PriorityGroup=NVIC_PRIORITYGROUP_4
NVIC.SysTick_IRQn=true\:0\:0
NVIC.TIM4_IRQn=true\:0\:0
NVIC.TIM6_DAC_IRQn=true\:0\:0
PA0-WKUP.GPIOParameters=GPIO_PuPd,GPIO_ModeDefaultEXTI
PA0-WKUP.GPIO_ModeDefaultEXTI=GPIO_MODE_IT_RISING
PA0-WKUP.GPIO_PuPd=GPIO_NOPULL
PA0-WKUP.Locked=true
PA0-WKUP.Signal=GPXTI0
PA1.GPIOParameters=GPIO_ModeDefaultPP,GPIO_Speed,GPIO_PuPd,GPIO_Label
PA1.GPIO_Label=ENC_A
PA1.GPIO_ModeDefaultPP=GPIO_MODE_AF_PP
PA1.GPIO_PuPd=GPIO_NOPULL
PA1.GPIO_Speed=GPIO_SPEED_LOW
PA1.Locked=true
PA1.Signal=S_TIM2_CH2
PA15.GPIOParameters=GPIO_ModeDefaultPP,GPIO_Speed,GPIO_PuPd,GPIO_Label
PA15.GPIO_Label=ENC_B
PA15.GPIO_ModeDefaultPP=GPIO_MODE_AF_PP
PA15.GPIO_PuPd=GPIO_NOPULL
PA15.GPIO_Speed=GPIO_SPEED_LOW
PA15.Locked=true
PA15.Signal=S_TIM2_CH1_ETR
PB0.GPIOParameters=GPIO_PuPd,GPIO_Label,GPIO_Mode
PB0.GPIO_Label=VBATM
PB0.GPIO_Mode=GPIO_MODE_ANALOG
PB0.GPIO_PuPd=GPIO_NOPULL
PB0.Locked=true
PB0.Signal=ADCx_IN8
PB1.GPIOParameters=GPIO_PuPd,GPIO_Label,GPIO_Mode
PB1.GPIO_Label=VBATE
PB1.GPIO_Mode=GPIO_MODE_ANALOG
PB1.GPIO_PuPd=GPIO_NOPULL
PB1.Locked=true
PB1.Signal=ADCx_IN9
PB7.GPIOParameters=GPIO_ModeDefaultPP,GPIO_Speed,GPIO_PuPd,GPIO_Label
PB7.GPIO_Label=RC_MOTOR
PB7.GPIO_ModeDefaultPP=GPIO_MODE_AF_PP
PB7.GPIO_PuPd=GPIO_NOPULL
PB7.GPIO_Speed=GPIO_SPEED_LOW
PB7.Locked=true
PB7.Signal=S_TIM4_CH2
PB8.GPIOParameters=GPIO_ModeDefaultPP,GPIO_Speed,GPIO_PuPd,GPIO_Label
PB8.GPIO_Label=RC_STEER
PB8.GPIO_ModeDefaultPP=GPIO_MODE_AF_PP
PB8.GPIO_PuPd=GPIO_NOPULL
PB8.GPIO_Speed=GPIO_SPEED_LOW
PB8.Locked=true
PB8.Signal=S_TIM4_CH3
PCC.Family=STM32F4
PCC.MCU=STM32F407V(E-G)Tx
PCC.MXVersion=4.3.0
PCC.PartNumber=STM32F407VGTx
PCC.Seq0=0
PCC.SubFamily=STM32F407/417
PCC.Temperature=25
PCC.Vdd=3.3
PD12.GPIOParameters=GPIO_Speed,GPIO_PuPd,GPIO_Label,GPIO_ModeDefaultOutputPP
PD12.GPIO_Label=LD4 [Green Led]
PD12.GPIO_ModeDefaultOutputPP=GPIO_MODE_OUTPUT_PP
PD12.GPIO_PuPd=GPIO_NOPULL
PD12.GPIO_Speed=GPIO_SPEED_LOW
PD12.Locked=true
PD12.Signal=GPIO_Output
PD13.GPIOParameters=GPIO_Speed,GPIO_PuPd,GPIO_Label,GPIO_ModeDefaultOutputPP
PD13.GPIO_Label=LD3 [Orange Led]
PD13.GPIO_ModeDefaultOutputPP=GPIO_MODE_OUTPUT_PP
PD13.GPIO_PuPd=GPIO_NOPULL
PD13.GPIO_Speed=GPIO_SPEED_LOW
PD13.Locked=true
PD13.Signal=GPIO_Output
PD14.GPIOParameters=GPIO_Speed,GPIO_PuPd,GPIO_Label,GPIO_ModeDefaultOutputPP
PD14.GPIO_Label=LD5 [Red Led]
PD14.GPIO_ModeDefaultOutputPP=GPIO_MODE_OUTPUT_PP
PD14.GPIO_PuPd=GPIO_NOPULL
PD14.GPIO_Speed=GPIO_SPEED_LOW
PD14.Locked=true
PD14.Signal=GPIO_Output
PD15.GPIOParameters=GPIO_ModeDefaultPP,GPIO_Speed,GPIO_PuPd,GPIO_Label
PD15.GPIO_Label=SV_STEER
PD15.GPIO_ModeDefaultPP=GPIO_MODE_AF_PP
PD15.GPIO_PuPd=GPIO_NOPULL
PD15.GPIO_Speed=GPIO_SPEED_LOW
PD15.Locked=true
PD15.Signal=S_TIM4_CH4
PD8.Locked=true
PD8.Mode=Asynchronous
PD8.Signal=USART3_TX
PD9.Locked=true
PD9.Mode=Asynchronous
PD9.Signal=USART3_RX
PE10.GPIOParameters=GPIO_Speed,GPIO_PuPd,GPIO_Label,GPIO_ModeDefaultOutputPP
PE10.GPIO_Label=BT_LED
PE10.GPIO_ModeDefaultOutputPP=GPIO_MODE_OUTPUT_PP
PE10.GPIO_PuPd=GPIO_NOPULL
PE10.GPIO_Speed=GPIO_SPEED_MEDIUM
PE10.Locked=true
PE10.Signal=GPIO_Output
PE7.GPIOParameters=GPIO_Speed,GPIO_PuPd,GPIO_Label,GPIO_ModeDefaultOutputPP
PE7.GPIO_Label=MOTOR_EN
PE7.GPIO_ModeDefaultOutputPP=GPIO_MODE_OUTPUT_PP
PE7.GPIO_PuPd=GPIO_NOPULL
PE7.GPIO_Speed=GPIO_SPEED_MEDIUM
PE7.Locked=true
PE7.Signal=GPIO_Output
PE8.GPIOParameters=GPIO_ModeDefaultPP,GPIO_Speed,GPIO_PuPd
PE8.GPIO_ModeDefaultPP=GPIO_MODE_AF_PP
PE8.GPIO_PuPd=GPIO_NOPULL
PE8.GPIO_Speed=GPIO_SPEED_MEDIUM
PE8.Locked=true
PE8.Mode=PWM Generation1 CH1 CH1N
PE8.Signal=TIM1_CH1N
PE9.GPIOParameters=GPIO_ModeDefaultPP,GPIO_Speed,GPIO_PuPd
PE9.GPIO_ModeDefaultPP=GPIO_MODE_AF_PP
PE9.GPIO_PuPd=GPIO_NOPULL
PE9.GPIO_Speed=GPIO_SPEED_MEDIUM
PE9.Locked=true
PE9.Signal=S_TIM1_CH1
PH0-OSC_IN.GPIOParameters=GPIO_Label
PH0-OSC_IN.GPIO_Label=PH0-OSC_IN
PH0-OSC_IN.Locked=true
PH0-OSC_IN.Mode=HSE-External-Oscillator
PH0-OSC_IN.Signal=RCC_OSC_IN
PH1-OSC_OUT.GPIOParameters=GPIO_Label
PH1-OSC_OUT.GPIO_Label=PH1-OSC_OUT
PH1-OSC_OUT.Locked=true
PH1-OSC_OUT.Mode=HSE-External-Oscillator
PH1-OSC_OUT.Signal=RCC_OSC_OUT
ProjectManager.AskForMigrate=true
ProjectManager.BackupPrevious=false
ProjectManager.CompilerOptimize=2
ProjectManager.ComputerToolchain=false
ProjectManager.CoupleFile=true
ProjectManager.DeletePrevious=true
ProjectManager.DeviceId=STM32F407VGTx
ProjectManager.FirmwarePackage=STM32Cube FW_F4 V1.3.0
ProjectManager.FreePins=false
ProjectManager.HalAssertFull=false
ProjectManager.KeepUserCode=true
ProjectManager.LastFirmware=true
ProjectManager.LibraryCopy=2
ProjectManager.ProjectBuild=false
ProjectManager.ProjectFileName=robot_cube.ioc
ProjectManager.ProjectName=robot_cube
ProjectManager.TargetToolchain=TrueSTUDIO 4.3.1
RCC.APB1CLKDivider=RCC_HCLK_DIV4
RCC.APB2CLKDivider=RCC_HCLK_DIV2
RCC.FamilyName=M
RCC.HSE_VALUE=8000000
RCC.HSI_VALUE=16000000
RCC.IPParameters=PLLSource,LSI_VALUE,FamilyName,APB1CLKDivider,APB2CLKDivider,PLLM,PLLN,PLLQ,SYSCLKSource,LSE_VALUE,HSE_VALUE,HSI_VALUE
RCC.LSE_VALUE=32768
RCC.LSI_VALUE=32000
RCC.PLLM=8
RCC.PLLN=336
RCC.PLLQ=7
RCC.PLLSource=RCC_PLLSOURCE_HSE
RCC.SYSCLKSource=RCC_SYSCLKSOURCE_PLLCLK
SH.ADCx_IN8.0=ADC1_IN8,IN8
SH.ADCx_IN8.ConfNb=1
SH.ADCx_IN9.0=ADC1_IN9,IN9
SH.ADCx_IN9.ConfNb=1
SH.GPXTI0.0=GPIO_EXTI0
SH.GPXTI0.ConfNb=1
SH.S_TIM1_CH1.0=TIM1_CH1,PWM Generation1 CH1 CH1N
SH.S_TIM1_CH1.ConfNb=1
SH.S_TIM2_CH1_ETR.0=TIM2_CH1,Encoder_Interface
SH.S_TIM2_CH1_ETR.ConfNb=1
SH.S_TIM2_CH2.0=TIM2_CH2,Encoder_Interface
SH.S_TIM2_CH2.ConfNb=1
SH.S_TIM4_CH2.0=TIM4_CH2,Input_Capture2_from_TI2
SH.S_TIM4_CH2.1=TIM4_CH2,TriggerSource_TI2FP2
SH.S_TIM4_CH2.2=TIM4_CH2,Input_Capture1_from_TI2
SH.S_TIM4_CH2.ConfNb=3
SH.S_TIM4_CH3.0=TIM4_CH3,Input_Capture3_from_TI3
SH.S_TIM4_CH3.ConfNb=1
SH.S_TIM4_CH4.0=TIM4_CH4,PWM Generation4 CH4
SH.S_TIM4_CH4.ConfNb=1
TIM1.IPParameters=Pulse-PWM Generation1 CH1 CH1N,OCFastMode_PWM-PWM Generation1 CH1 CH1N,OCIdleState_1-PWM Generation1 CH1 CH1N,Prescaler,Period,OCNIdleState_1-PWM Generation1 CH1 CH1N
TIM1.OCFastMode_PWM-PWM\ Generation1\ CH1\ CH1N=TIM_OCFAST_ENABLE
TIM1.OCIdleState_1-PWM\ Generation1\ CH1\ CH1N=TIM_OCIDLESTATE_SET
TIM1.OCNIdleState_1-PWM\ Generation1\ CH1\ CH1N=TIM_OCNIDLESTATE_SET
TIM1.Period=199
TIM1.Prescaler=41
TIM1.Pulse-PWM\ Generation1\ CH1\ CH1N=50
TIM2.EncoderMode=TIM_ENCODERMODE_TI12
TIM2.IPParameters=EncoderMode,Period
TIM2.Period=4294967295
TIM4.Channel-Input_Capture2_from_TI2=TIM_CHANNEL_2
TIM4.Channel-Input_Capture3_from_TI3=TIM_CHANNEL_3
TIM4.Channel-PWM\ Generation4\ CH4=TIM_CHANNEL_4
TIM4.ICPolarity_CH1-Input_Capture1_from_TI2=TIM_INPUTCHANNELPOLARITY_FALLING
TIM4.ICPolarity_CH3-Input_Capture3_from_TI3=TIM_INPUTCHANNELPOLARITY_FALLING
TIM4.IPParameters=ICPolarity_CH3-Input_Capture3_from_TI3,Channel-Input_Capture2_from_TI2,Pulse-PWM Generation4 CH4,Prescaler,Period,OCFastMode_PWM-PWM Generation4 CH4,Channel-Input_Capture3_from_TI3,Channel-PWM Generation4 CH4,ICPolarity_CH1-Input_Capture1_from_TI2
TIM4.OCFastMode_PWM-PWM\ Generation4\ CH4=TIM_OCFAST_DISABLE
TIM4.Period=65535
TIM4.Prescaler=83
TIM4.Pulse-PWM\ Generation4\ CH4=1500
TIM6.IPParameters=Prescaler,Period
TIM6.Period=999
TIM6.Prescaler=839
VP_FREERTOS_VS_ENABLE.Mode=Enabled
VP_FREERTOS_VS_ENABLE.Signal=FREERTOS_VS_ENABLE
VP_TIM4_VS_ControllerModeReset.Mode=Reset Mode
VP_TIM4_VS_ControllerModeReset.Signal=TIM4_VS_ControllerModeReset
VP_TIM6_VS_ClockSourceINT.Mode=Enable_Timer
VP_TIM6_VS_ClockSourceINT.Signal=TIM6_VS_ClockSourceINT
boardIOC=true
